
Microsoft Visual Studio Solution File, Format Version 12.00
# Visual Studio 15
Project("{FAE04EC0-301F-11D3-BF4B-00C04F79EFBC}") = "Assembly-CSharp", "Assembly-CSharp.csproj", "{2C096E79-34DE-EFB3-85DD-45E6B589228B}"
EndProject
Global
	GlobalSection(SolutionConfigurationPlatforms) = preSolution
		Debug|Any CPU = Debug|Any CPU
		Release|Any CPU = Release|Any CPU
	EndGlobalSection
	GlobalSection(ProjectConfigurationPlatforms) = postSolution
		{2C096E79-34DE-EFB3-85DD-45E6B589228B}.Debug|Any CPU.ActiveCfg = Debug|Any CPU
		{2C096E79-34DE-EFB3-85DD-45E6B589228B}.Debug|Any CPU.Build.0 = Debug|Any CPU
		{2C096E79-34DE-EFB3-85DD-45E6B589228B}.Release|Any CPU.ActiveCfg = Release|Any CPU
		{2C096E79-34DE-EFB3-85DD-45E6B589228B}.Release|Any CPU.Build.0 = Release|Any CPU
	EndGlobalSection
	GlobalSection(SolutionProperties) = preSolution
		HideSolutionNode = FALSE
	EndGlobalSection
EndGlobal
